
Microsoft Visual Studio Solution File, Format Version 12.00
# Visual Studio 15
VisualStudioVersion = 15.0.27703.2047
MinimumVisualStudioVersion = 10.0.40219.1
Project("{FAE04EC0-301F-11D3-BF4B-00C04F79EFBC}") = "MITT_Portfolio", "MITT_Portfolio\MITT_Portfolio.csproj", "{FCD3A364-BAF3-4AEE-943B-8D6BD093A268}"
EndProject
Global
	GlobalSection(SolutionConfigurationPlatforms) = preSolution
		Debug|Any CPU = Debug|Any CPU
		Release|Any CPU = Release|Any CPU
	EndGlobalSection
	GlobalSection(ProjectConfigurationPlatforms) = postSolution
		{FCD3A364-BAF3-4AEE-943B-8D6BD093A268}.Debug|Any CPU.ActiveCfg = Debug|Any CPU
		{FCD3A364-BAF3-4AEE-943B-8D6BD093A268}.Debug|Any CPU.Build.0 = Debug|Any CPU
		{FCD3A364-BAF3-4AEE-943B-8D6BD093A268}.Release|Any CPU.ActiveCfg = Release|Any CPU
		{FCD3A364-BAF3-4AEE-943B-8D6BD093A268}.Release|Any CPU.Build.0 = Release|Any CPU
	EndGlobalSection
	GlobalSection(SolutionProperties) = preSolution
		HideSolutionNode = FALSE
	EndGlobalSection
	GlobalSection(ExtensibilityGlobals) = postSolution
		SolutionGuid = {3137F400-AF8A-4764-9F51-12B41571A443}
	EndGlobalSection
EndGlobal
